
Microsoft Visual Studio Solution File, Format Version 12.00
# Visual Studio Version 16
VisualStudioVersion = 16.0.30621.155
MinimumVisualStudioVersion = 10.0.40219.1
Project("{FAE04EC0-301F-11D3-BF4B-00C04F79EFBC}") = "EasyDriverPlugin", "EasyDriverPlugin\EasyDriverPlugin.csproj", "{5CBCE8B3-27A3-4D71-B38A-9CEEEF539F0A}"
EndProject
Project("{FAE04EC0-301F-11D3-BF4B-00C04F79EFBC}") = "EasyDriver.ModbusRTU", "EasyDriver.ModbusRTU\EasyDriver.ModbusRTU.csproj", "{948DC54F-D9C2-4ACC-A948-DF58D489023D}"
EndProject
Project("{FAE04EC0-301F-11D3-BF4B-00C04F79EFBC}") = "EasyDriver.ServerApplication", "EasyDriver.ServerApplication\EasyDriver.ServerApplication.csproj", "{08F091A3-CEBC-4859-AE08-C921B69076FD}"
EndProject
Project("{FAE04EC0-301F-11D3-BF4B-00C04F79EFBC}") = "EasyDriver.Core", "EasyDriver.Server.Models\EasyDriver.Core.csproj", "{67089D82-2FDE-46C7-9264-ED5C066DC8AD}"
EndProject
Project("{2150E333-8FDC-42A3-9474-1A3956D46DE8}") = "Server", "Server", "{FDCDF7CC-9203-4B94-AC34-82779243CB4D}"
EndProject
Project("{2150E333-8FDC-42A3-9474-1A3956D46DE8}") = "Driver", "Driver", "{61493679-BA3A-4687-85CB-7DE2668B16DD}"
EndProject
Project("{2150E333-8FDC-42A3-9474-1A3956D46DE8}") = "Test", "Test", "{51BB0CF3-E7F8-4B3F-99A9-EF8E24164D1F}"
EndProject
Project("{2150E333-8FDC-42A3-9474-1A3956D46DE8}") = "Controls", "Controls", "{AAA566B2-283F-4073-9C84-FA2ACC787FEE}"
EndProject
Project("{2150E333-8FDC-42A3-9474-1A3956D46DE8}") = "Winforms", "Winforms", "{64953AB8-3E10-4354-AF48-17612C96B8CD}"
EndProject
Project("{FAE04EC0-301F-11D3-BF4B-00C04F79EFBC}") = "EasyScada.Winforms.Connector", "EasyScada.Winforms.Connector\EasyScada.Winforms.Connector.csproj", "{4B95B838-26B8-4103-AFB2-C13C1EFA9FCF}"
EndProject
Project("{FAE04EC0-301F-11D3-BF4B-00C04F79EFBC}") = "EasyDriver.OmronHostLink", "EasyDriver.OmronHostLink\EasyDriver.OmronHostLink.csproj", "{7831A5A2-20C9-40ED-8DB5-41F4D74E2563}"
EndProject
Project("{FAE04EC0-301F-11D3-BF4B-00C04F79EFBC}") = "EasyDriver.ModbusTCP", "EasyDriver.ModbusTCP\EasyDriver.ModbusTCP.csproj", "{155D9C5D-AC0E-491F-AA64-6816F2049B47}"
EndProject
Project("{2150E333-8FDC-42A3-9474-1A3956D46DE8}") = "License", "License", "{5CB11167-9337-4148-B8D4-4133502E49B7}"
EndProject
Project("{FAE04EC0-301F-11D3-BF4B-00C04F79EFBC}") = "EasyScadaLicenseService", "EasyScadaLicenseService\EasyScadaLicenseService.csproj", "{685E686A-3F15-4540-BA1F-F78DB16A37C8}"
EndProject
Project("{FAE04EC0-301F-11D3-BF4B-00C04F79EFBC}") = "EasyScada.License", "EasyScada.License\EasyScada.License.csproj", "{C05B67F4-39D7-4789-83D0-4B3AB1BDF8BE}"
EndProject
Project("{2150E333-8FDC-42A3-9474-1A3956D46DE8}") = "Wpf", "Wpf", "{8BE1E477-67DE-49C6-9164-53F65F3B028D}"
EndProject
Project("{FAE04EC0-301F-11D3-BF4B-00C04F79EFBC}") = "EasyScada.Wpf.Connector", "EasyScada.Wpf.Connector\EasyScada.Wpf.Connector.csproj", "{7F693AED-4DFD-4DEA-B342-7B2F676452AE}"
EndProject
Project("{FAE04EC0-301F-11D3-BF4B-00C04F79EFBC}") = "EasyScada.Core", "EasyScada.Core\EasyScada.Core.csproj", "{275E5D96-E78D-4FAD-A87A-415DBF1D7B74}"
EndProject
Project("{FAE04EC0-301F-11D3-BF4B-00C04F79EFBC}") = "EasyScada.Wpf.Connector.VisualStudio.Design", "EasyScada.Wpf.Connector.Design\EasyScada.Wpf.Connector.VisualStudio.Design.csproj", "{749B6BB4-F52E-4AA3-9EC2-502142DACC68}"
EndProject
Project("{FAE04EC0-301F-11D3-BF4B-00C04F79EFBC}") = "EasyDriver.MitsubishiEthernet", "EasyDriver.MitsubishiEthernet\EasyDriver.MitsubishiEthernet.csproj", "{2B57D1DD-052B-4113-B0AA-256E33FA7389}"
EndProject
Project("{FAE04EC0-301F-11D3-BF4B-00C04F79EFBC}") = "EasyScada.Wpf.Controls", "EasyScada.Wpf.Controls\EasyScada.Wpf.Controls.csproj", "{DF2526DB-E7FB-48BB-B681-7C1191FD30FA}"
EndProject
Project("{FAE04EC0-301F-11D3-BF4B-00C04F79EFBC}") = "EasyDriver.S7Ethernet", "EasyDriver.S7Ethernet\EasyDriver.S7Ethernet.csproj", "{EA0D2F60-50A6-4AE5-89CC-418D886DA98A}"
EndProject
Project("{FAE04EC0-301F-11D3-BF4B-00C04F79EFBC}") = "WpfApp3", "WpfApp3\WpfApp3.csproj", "{3B710718-D643-41F9-B9A8-4552D869AA55}"
EndProject
Project("{FAE04EC0-301F-11D3-BF4B-00C04F79EFBC}") = "WindowsFormsApp9", "WindowsFormsApp9\WindowsFormsApp9.csproj", "{36640A32-6569-4A26-98E0-A25BBCAA6E92}"
EndProject
Project("{FAE04EC0-301F-11D3-BF4B-00C04F79EFBC}") = "WindowsFormsApp7", "WindowsFormsApp7\WindowsFormsApp7.csproj", "{310E5F5F-6A51-4C7F-B5FA-907F8DC5A3C7}"
EndProject
Project("{FAE04EC0-301F-11D3-BF4B-00C04F79EFBC}") = "WindowsFormsApp10", "WindowsFormsApp10\WindowsFormsApp10.csproj", "{A32BE31A-C547-42E0-A251-8512CD984C84}"
EndProject
Project("{FAE04EC0-301F-11D3-BF4B-00C04F79EFBC}") = "TestScadaFormControls", "TestScadaFormControls\TestScadaFormControls.csproj", "{5DB8C4F9-E216-458B-A5B2-FE8FFD7CDCCF}"
EndProject
Project("{FAE04EC0-301F-11D3-BF4B-00C04F79EFBC}") = "EasyScada.Winforms.Controls", "EasyScada.Winforms.Controls\EasyScada.Winforms.Controls.csproj", "{BA53E923-5BAD-443C-A8F0-B191EAB9CA25}"
EndProject
Project("{FAE04EC0-301F-11D3-BF4B-00C04F79EFBC}") = "EasyDriver.DPA870", "EasyDriver.DPA870\EasyDriver.DPA870.csproj", "{B3C16606-7974-4B2F-8EF5-69B4A9564CB1}"
EndProject
Project("{FAE04EC0-301F-11D3-BF4B-00C04F79EFBC}") = "TestWpfApp", "TestWpfApp\TestWpfApp.csproj", "{F1C9CFF5-A255-4526-9C14-9128537CA995}"
EndProject
Global
	GlobalSection(SolutionConfigurationPlatforms) = preSolution
		Debug|Any CPU = Debug|Any CPU
		Release|Any CPU = Release|Any CPU
	EndGlobalSection
	GlobalSection(ProjectConfigurationPlatforms) = postSolution
		{5CBCE8B3-27A3-4D71-B38A-9CEEEF539F0A}.Debug|Any CPU.ActiveCfg = Debug|Any CPU
		{5CBCE8B3-27A3-4D71-B38A-9CEEEF539F0A}.Debug|Any CPU.Build.0 = Debug|Any CPU
		{5CBCE8B3-27A3-4D71-B38A-9CEEEF539F0A}.Release|Any CPU.ActiveCfg = Release|Any CPU
		{5CBCE8B3-27A3-4D71-B38A-9CEEEF539F0A}.Release|Any CPU.Build.0 = Release|Any CPU
		{948DC54F-D9C2-4ACC-A948-DF58D489023D}.Debug|Any CPU.ActiveCfg = Debug|Any CPU
		{948DC54F-D9C2-4ACC-A948-DF58D489023D}.Debug|Any CPU.Build.0 = Debug|Any CPU
		{948DC54F-D9C2-4ACC-A948-DF58D489023D}.Release|Any CPU.ActiveCfg = Release|Any CPU
		{948DC54F-D9C2-4ACC-A948-DF58D489023D}.Release|Any CPU.Build.0 = Release|Any CPU
		{08F091A3-CEBC-4859-AE08-C921B69076FD}.Debug|Any CPU.ActiveCfg = Debug|Any CPU
		{08F091A3-CEBC-4859-AE08-C921B69076FD}.Debug|Any CPU.Build.0 = Debug|Any CPU
		{08F091A3-CEBC-4859-AE08-C921B69076FD}.Release|Any CPU.ActiveCfg = Release|Any CPU
		{08F091A3-CEBC-4859-AE08-C921B69076FD}.Release|Any CPU.Build.0 = Release|Any CPU
		{67089D82-2FDE-46C7-9264-ED5C066DC8AD}.Debug|Any CPU.ActiveCfg = Debug|Any CPU
		{67089D82-2FDE-46C7-9264-ED5C066DC8AD}.Debug|Any CPU.Build.0 = Debug|Any CPU
		{67089D82-2FDE-46C7-9264-ED5C066DC8AD}.Release|Any CPU.ActiveCfg = Release|Any CPU
		{67089D82-2FDE-46C7-9264-ED5C066DC8AD}.Release|Any CPU.Build.0 = Release|Any CPU
		{4B95B838-26B8-4103-AFB2-C13C1EFA9FCF}.Debug|Any CPU.ActiveCfg = Debug|Any CPU
		{4B95B838-26B8-4103-AFB2-C13C1EFA9FCF}.Debug|Any CPU.Build.0 = Debug|Any CPU
		{4B95B838-26B8-4103-AFB2-C13C1EFA9FCF}.Release|Any CPU.ActiveCfg = Release|Any CPU
		{4B95B838-26B8-4103-AFB2-C13C1EFA9FCF}.Release|Any CPU.Build.0 = Release|Any CPU
		{7831A5A2-20C9-40ED-8DB5-41F4D74E2563}.Debug|Any CPU.ActiveCfg = Debug|Any CPU
		{7831A5A2-20C9-40ED-8DB5-41F4D74E2563}.Debug|Any CPU.Build.0 = Debug|Any CPU
		{7831A5A2-20C9-40ED-8DB5-41F4D74E2563}.Release|Any CPU.ActiveCfg = Release|Any CPU
		{7831A5A2-20C9-40ED-8DB5-41F4D74E2563}.Release|Any CPU.Build.0 = Release|Any CPU
		{155D9C5D-AC0E-491F-AA64-6816F2049B47}.Debug|Any CPU.ActiveCfg = Debug|Any CPU
		{155D9C5D-AC0E-491F-AA64-6816F2049B47}.Debug|Any CPU.Build.0 = Debug|Any CPU
		{155D9C5D-AC0E-491F-AA64-6816F2049B47}.Release|Any CPU.ActiveCfg = Release|Any CPU
		{155D9C5D-AC0E-491F-AA64-6816F2049B47}.Release|Any CPU.Build.0 = Release|Any CPU
		{685E686A-3F15-4540-BA1F-F78DB16A37C8}.Debug|Any CPU.ActiveCfg = Debug|Any CPU
		{685E686A-3F15-4540-BA1F-F78DB16A37C8}.Debug|Any CPU.Build.0 = Debug|Any CPU
		{685E686A-3F15-4540-BA1F-F78DB16A37C8}.Release|Any CPU.ActiveCfg = Release|Any CPU
		{685E686A-3F15-4540-BA1F-F78DB16A37C8}.Release|Any CPU.Build.0 = Release|Any CPU
		{C05B67F4-39D7-4789-83D0-4B3AB1BDF8BE}.Debug|Any CPU.ActiveCfg = Debug|Any CPU
		{C05B67F4-39D7-4789-83D0-4B3AB1BDF8BE}.Debug|Any CPU.Build.0 = Debug|Any CPU
		{C05B67F4-39D7-4789-83D0-4B3AB1BDF8BE}.Release|Any CPU.ActiveCfg = Release|Any CPU
		{C05B67F4-39D7-4789-83D0-4B3AB1BDF8BE}.Release|Any CPU.Build.0 = Release|Any CPU
		{7F693AED-4DFD-4DEA-B342-7B2F676452AE}.Debug|Any CPU.ActiveCfg = Debug|Any CPU
		{7F693AED-4DFD-4DEA-B342-7B2F676452AE}.Debug|Any CPU.Build.0 = Debug|Any CPU
		{7F693AED-4DFD-4DEA-B342-7B2F676452AE}.Release|Any CPU.ActiveCfg = Release|Any CPU
		{7F693AED-4DFD-4DEA-B342-7B2F676452AE}.Release|Any CPU.Build.0 = Release|Any CPU
		{275E5D96-E78D-4FAD-A87A-415DBF1D7B74}.Debug|Any CPU.ActiveCfg = Debug|Any CPU
		{275E5D96-E78D-4FAD-A87A-415DBF1D7B74}.Debug|Any CPU.Build.0 = Debug|Any CPU
		{275E5D96-E78D-4FAD-A87A-415DBF1D7B74}.Release|Any CPU.ActiveCfg = Release|Any CPU
		{275E5D96-E78D-4FAD-A87A-415DBF1D7B74}.Release|Any CPU.Build.0 = Release|Any CPU
		{749B6BB4-F52E-4AA3-9EC2-502142DACC68}.Debug|Any CPU.ActiveCfg = Debug|Any CPU
		{749B6BB4-F52E-4AA3-9EC2-502142DACC68}.Debug|Any CPU.Build.0 = Debug|Any CPU
		{749B6BB4-F52E-4AA3-9EC2-502142DACC68}.Release|Any CPU.ActiveCfg = Release|Any CPU
		{749B6BB4-F52E-4AA3-9EC2-502142DACC68}.Release|Any CPU.Build.0 = Release|Any CPU
		{2B57D1DD-052B-4113-B0AA-256E33FA7389}.Debug|Any CPU.ActiveCfg = Debug|Any CPU
		{2B57D1DD-052B-4113-B0AA-256E33FA7389}.Debug|Any CPU.Build.0 = Debug|Any CPU
		{2B57D1DD-052B-4113-B0AA-256E33FA7389}.Release|Any CPU.ActiveCfg = Release|Any CPU
		{2B57D1DD-052B-4113-B0AA-256E33FA7389}.Release|Any CPU.Build.0 = Release|Any CPU
		{DF2526DB-E7FB-48BB-B681-7C1191FD30FA}.Debug|Any CPU.ActiveCfg = Debug|Any CPU
		{DF2526DB-E7FB-48BB-B681-7C1191FD30FA}.Debug|Any CPU.Build.0 = Debug|Any CPU
		{DF2526DB-E7FB-48BB-B681-7C1191FD30FA}.Release|Any CPU.ActiveCfg = Release|Any CPU
		{DF2526DB-E7FB-48BB-B681-7C1191FD30FA}.Release|Any CPU.Build.0 = Release|Any CPU
		{EA0D2F60-50A6-4AE5-89CC-418D886DA98A}.Debug|Any CPU.ActiveCfg = Debug|Any CPU
		{EA0D2F60-50A6-4AE5-89CC-418D886DA98A}.Debug|Any CPU.Build.0 = Debug|Any CPU
		{EA0D2F60-50A6-4AE5-89CC-418D886DA98A}.Release|Any CPU.ActiveCfg = Release|Any CPU
		{EA0D2F60-50A6-4AE5-89CC-418D886DA98A}.Release|Any CPU.Build.0 = Release|Any CPU
		{3B710718-D643-41F9-B9A8-4552D869AA55}.Debug|Any CPU.ActiveCfg = Debug|Any CPU
		{3B710718-D643-41F9-B9A8-4552D869AA55}.Debug|Any CPU.Build.0 = Debug|Any CPU
		{3B710718-D643-41F9-B9A8-4552D869AA55}.Release|Any CPU.ActiveCfg = Release|Any CPU
		{3B710718-D643-41F9-B9A8-4552D869AA55}.Release|Any CPU.Build.0 = Release|Any CPU
		{36640A32-6569-4A26-98E0-A25BBCAA6E92}.Debug|Any CPU.ActiveCfg = Debug|Any CPU
		{36640A32-6569-4A26-98E0-A25BBCAA6E92}.Debug|Any CPU.Build.0 = Debug|Any CPU
		{36640A32-6569-4A26-98E0-A25BBCAA6E92}.Release|Any CPU.ActiveCfg = Release|Any CPU
		{36640A32-6569-4A26-98E0-A25BBCAA6E92}.Release|Any CPU.Build.0 = Release|Any CPU
		{310E5F5F-6A51-4C7F-B5FA-907F8DC5A3C7}.Debug|Any CPU.ActiveCfg = Debug|Any CPU
		{310E5F5F-6A51-4C7F-B5FA-907F8DC5A3C7}.Debug|Any CPU.Build.0 = Debug|Any CPU
		{310E5F5F-6A51-4C7F-B5FA-907F8DC5A3C7}.Release|Any CPU.ActiveCfg = Release|Any CPU
		{310E5F5F-6A51-4C7F-B5FA-907F8DC5A3C7}.Release|Any CPU.Build.0 = Release|Any CPU
		{A32BE31A-C547-42E0-A251-8512CD984C84}.Debug|Any CPU.ActiveCfg = Debug|Any CPU
		{A32BE31A-C547-42E0-A251-8512CD984C84}.Debug|Any CPU.Build.0 = Debug|Any CPU
		{A32BE31A-C547-42E0-A251-8512CD984C84}.Release|Any CPU.ActiveCfg = Release|Any CPU
		{A32BE31A-C547-42E0-A251-8512CD984C84}.Release|Any CPU.Build.0 = Release|Any CPU
		{5DB8C4F9-E216-458B-A5B2-FE8FFD7CDCCF}.Debug|Any CPU.ActiveCfg = Debug|Any CPU
		{5DB8C4F9-E216-458B-A5B2-FE8FFD7CDCCF}.Debug|Any CPU.Build.0 = Debug|Any CPU
		{5DB8C4F9-E216-458B-A5B2-FE8FFD7CDCCF}.Release|Any CPU.ActiveCfg = Release|Any CPU
		{5DB8C4F9-E216-458B-A5B2-FE8FFD7CDCCF}.Release|Any CPU.Build.0 = Release|Any CPU
		{BA53E923-5BAD-443C-A8F0-B191EAB9CA25}.Debug|Any CPU.ActiveCfg = Debug|Any CPU
		{BA53E923-5BAD-443C-A8F0-B191EAB9CA25}.Debug|Any CPU.Build.0 = Debug|Any CPU
		{BA53E923-5BAD-443C-A8F0-B191EAB9CA25}.Release|Any CPU.ActiveCfg = Release|Any CPU
		{BA53E923-5BAD-443C-A8F0-B191EAB9CA25}.Release|Any CPU.Build.0 = Release|Any CPU
		{B3C16606-7974-4B2F-8EF5-69B4A9564CB1}.Debug|Any CPU.ActiveCfg = Debug|Any CPU
		{B3C16606-7974-4B2F-8EF5-69B4A9564CB1}.Debug|Any CPU.Build.0 = Debug|Any CPU
		{B3C16606-7974-4B2F-8EF5-69B4A9564CB1}.Release|Any CPU.ActiveCfg = Release|Any CPU
		{B3C16606-7974-4B2F-8EF5-69B4A9564CB1}.Release|Any CPU.Build.0 = Release|Any CPU
		{F1C9CFF5-A255-4526-9C14-9128537CA995}.Debug|Any CPU.ActiveCfg = Debug|Any CPU
		{F1C9CFF5-A255-4526-9C14-9128537CA995}.Debug|Any CPU.Build.0 = Debug|Any CPU
		{F1C9CFF5-A255-4526-9C14-9128537CA995}.Release|Any CPU.ActiveCfg = Release|Any CPU
		{F1C9CFF5-A255-4526-9C14-9128537CA995}.Release|Any CPU.Build.0 = Release|Any CPU
	EndGlobalSection
	GlobalSection(SolutionProperties) = preSolution
		HideSolutionNode = FALSE
	EndGlobalSection
	GlobalSection(NestedProjects) = preSolution
		{5CBCE8B3-27A3-4D71-B38A-9CEEEF539F0A} = {61493679-BA3A-4687-85CB-7DE2668B16DD}
		{948DC54F-D9C2-4ACC-A948-DF58D489023D} = {61493679-BA3A-4687-85CB-7DE2668B16DD}
		{08F091A3-CEBC-4859-AE08-C921B69076FD} = {FDCDF7CC-9203-4B94-AC34-82779243CB4D}
		{67089D82-2FDE-46C7-9264-ED5C066DC8AD} = {FDCDF7CC-9203-4B94-AC34-82779243CB4D}
		{64953AB8-3E10-4354-AF48-17612C96B8CD} = {AAA566B2-283F-4073-9C84-FA2ACC787FEE}
		{4B95B838-26B8-4103-AFB2-C13C1EFA9FCF} = {64953AB8-3E10-4354-AF48-17612C96B8CD}
		{7831A5A2-20C9-40ED-8DB5-41F4D74E2563} = {61493679-BA3A-4687-85CB-7DE2668B16DD}
		{155D9C5D-AC0E-491F-AA64-6816F2049B47} = {61493679-BA3A-4687-85CB-7DE2668B16DD}
		{685E686A-3F15-4540-BA1F-F78DB16A37C8} = {5CB11167-9337-4148-B8D4-4133502E49B7}
		{C05B67F4-39D7-4789-83D0-4B3AB1BDF8BE} = {5CB11167-9337-4148-B8D4-4133502E49B7}
		{8BE1E477-67DE-49C6-9164-53F65F3B028D} = {AAA566B2-283F-4073-9C84-FA2ACC787FEE}
		{7F693AED-4DFD-4DEA-B342-7B2F676452AE} = {8BE1E477-67DE-49C6-9164-53F65F3B028D}
		{275E5D96-E78D-4FAD-A87A-415DBF1D7B74} = {AAA566B2-283F-4073-9C84-FA2ACC787FEE}
		{749B6BB4-F52E-4AA3-9EC2-502142DACC68} = {8BE1E477-67DE-49C6-9164-53F65F3B028D}
		{2B57D1DD-052B-4113-B0AA-256E33FA7389} = {61493679-BA3A-4687-85CB-7DE2668B16DD}
		{DF2526DB-E7FB-48BB-B681-7C1191FD30FA} = {8BE1E477-67DE-49C6-9164-53F65F3B028D}
		{EA0D2F60-50A6-4AE5-89CC-418D886DA98A} = {61493679-BA3A-4687-85CB-7DE2668B16DD}
		{3B710718-D643-41F9-B9A8-4552D869AA55} = {51BB0CF3-E7F8-4B3F-99A9-EF8E24164D1F}
		{36640A32-6569-4A26-98E0-A25BBCAA6E92} = {51BB0CF3-E7F8-4B3F-99A9-EF8E24164D1F}
		{310E5F5F-6A51-4C7F-B5FA-907F8DC5A3C7} = {51BB0CF3-E7F8-4B3F-99A9-EF8E24164D1F}
		{A32BE31A-C547-42E0-A251-8512CD984C84} = {51BB0CF3-E7F8-4B3F-99A9-EF8E24164D1F}
		{5DB8C4F9-E216-458B-A5B2-FE8FFD7CDCCF} = {64953AB8-3E10-4354-AF48-17612C96B8CD}
		{BA53E923-5BAD-443C-A8F0-B191EAB9CA25} = {64953AB8-3E10-4354-AF48-17612C96B8CD}
		{B3C16606-7974-4B2F-8EF5-69B4A9564CB1} = {61493679-BA3A-4687-85CB-7DE2668B16DD}
		{F1C9CFF5-A255-4526-9C14-9128537CA995} = {8BE1E477-67DE-49C6-9164-53F65F3B028D}
	EndGlobalSection
	GlobalSection(ExtensibilityGlobals) = postSolution
		SolutionGuid = {6494DC4C-62EB-49F5-B63E-F3EA2BA3E057}
	EndGlobalSection
EndGlobal
