
Microsoft Visual Studio Solution File, Format Version 12.00
# Visual Studio 15
VisualStudioVersion = 15.0.28307.645
MinimumVisualStudioVersion = 10.0.40219.1
Project("{FAE04EC0-301F-11D3-BF4B-00C04F79EFBC}") = "EasyDriverPlugin", "EasyDriverPlugin\EasyDriverPlugin.csproj", "{5CBCE8B3-27A3-4D71-B38A-9CEEEF539F0A}"
EndProject
Project("{FAE04EC0-301F-11D3-BF4B-00C04F79EFBC}") = "EasyDriver.ModbusRTU", "EasyDriver.ModbusRTU\EasyDriver.ModbusRTU.csproj", "{948DC54F-D9C2-4ACC-A948-DF58D489023D}"
EndProject
Project("{FAE04EC0-301F-11D3-BF4B-00C04F79EFBC}") = "TestConsole", "TestConsole\TestConsole.csproj", "{DDC365FF-FE58-4979-932E-66E29C551C10}"
EndProject
Project("{FAE04EC0-301F-11D3-BF4B-00C04F79EFBC}") = "TestClient", "TestClient\TestClient.csproj", "{5C40D6B8-8079-432F-8AF0-88F46E7212D7}"
EndProject
Project("{FAE04EC0-301F-11D3-BF4B-00C04F79EFBC}") = "EasyDriver.ServerApplication", "EasyDriver.ServerApplication\EasyDriver.ServerApplication.csproj", "{08F091A3-CEBC-4859-AE08-C921B69076FD}"
EndProject
Project("{FAE04EC0-301F-11D3-BF4B-00C04F79EFBC}") = "EasyScada.Winforms.Designer", "EasyScada.Winforms.Designer\EasyScada.Winforms.Designer.csproj", "{357F26E9-F10D-4DAD-A757-9AEE585C0E3D}"
EndProject
Project("{FAE04EC0-301F-11D3-BF4B-00C04F79EFBC}") = "TestWinforms", "TestWinforms\TestWinforms.csproj", "{69E4278F-4EA0-4644-9825-2F8509666320}"
EndProject
Project("{FAE04EC0-301F-11D3-BF4B-00C04F79EFBC}") = "EasyScada.Winforms.Controls", "EasyScada.Winforms.Controls\EasyScada.Winforms.Controls.csproj", "{5A05938F-E169-46FF-922A-B13CA841164A}"
EndProject
Project("{FAE04EC0-301F-11D3-BF4B-00C04F79EFBC}") = "EasyDriver.Client.Models", "EasyDriver.Client.Models\EasyDriver.Client.Models.csproj", "{3762269D-2A9C-42D1-9384-52895320FAA4}"
EndProject
Project("{FAE04EC0-301F-11D3-BF4B-00C04F79EFBC}") = "EasyDriver.Server.Models", "EasyDriver.Server.Models\EasyDriver.Server.Models.csproj", "{67089D82-2FDE-46C7-9264-ED5C066DC8AD}"
EndProject
Project("{2150E333-8FDC-42A3-9474-1A3956D46DE8}") = "Client", "Client", "{8BD9901A-0727-42B4-BEA8-93A39CB7A33B}"
EndProject
Project("{2150E333-8FDC-42A3-9474-1A3956D46DE8}") = "Server", "Server", "{FDCDF7CC-9203-4B94-AC34-82779243CB4D}"
EndProject
Project("{2150E333-8FDC-42A3-9474-1A3956D46DE8}") = "Driver", "Driver", "{61493679-BA3A-4687-85CB-7DE2668B16DD}"
EndProject
Project("{2150E333-8FDC-42A3-9474-1A3956D46DE8}") = "Test", "Test", "{51BB0CF3-E7F8-4B3F-99A9-EF8E24164D1F}"
EndProject
Project("{2150E333-8FDC-42A3-9474-1A3956D46DE8}") = "Controls", "Controls", "{AAA566B2-283F-4073-9C84-FA2ACC787FEE}"
EndProject
Project("{2150E333-8FDC-42A3-9474-1A3956D46DE8}") = "Winforms", "Winforms", "{64953AB8-3E10-4354-AF48-17612C96B8CD}"
EndProject
Project("{FAE04EC0-301F-11D3-BF4B-00C04F79EFBC}") = "EasyScada.Winforms.Connector", "EasyScada.Winforms.Connector\EasyScada.Winforms.Connector.csproj", "{4B95B838-26B8-4103-AFB2-C13C1EFA9FCF}"
EndProject
Project("{FAE04EC0-301F-11D3-BF4B-00C04F79EFBC}") = "WindowsFormsApp5", "WindowsFormsApp5\WindowsFormsApp5.csproj", "{793E2842-BAD7-49A7-97E7-72D28B1667A4}"
EndProject
Project("{FAE04EC0-301F-11D3-BF4B-00C04F79EFBC}") = "WindowsFormsApp6", "WindowsFormsApp6\WindowsFormsApp6.csproj", "{DA6B970C-BAEC-4632-BB4F-F9DD570FC84D}"
EndProject
Global
	GlobalSection(SolutionConfigurationPlatforms) = preSolution
		Debug|Any CPU = Debug|Any CPU
		Release|Any CPU = Release|Any CPU
	EndGlobalSection
	GlobalSection(ProjectConfigurationPlatforms) = postSolution
		{5CBCE8B3-27A3-4D71-B38A-9CEEEF539F0A}.Debug|Any CPU.ActiveCfg = Debug|Any CPU
		{5CBCE8B3-27A3-4D71-B38A-9CEEEF539F0A}.Debug|Any CPU.Build.0 = Debug|Any CPU
		{5CBCE8B3-27A3-4D71-B38A-9CEEEF539F0A}.Release|Any CPU.ActiveCfg = Release|Any CPU
		{5CBCE8B3-27A3-4D71-B38A-9CEEEF539F0A}.Release|Any CPU.Build.0 = Release|Any CPU
		{948DC54F-D9C2-4ACC-A948-DF58D489023D}.Debug|Any CPU.ActiveCfg = Debug|Any CPU
		{948DC54F-D9C2-4ACC-A948-DF58D489023D}.Debug|Any CPU.Build.0 = Debug|Any CPU
		{948DC54F-D9C2-4ACC-A948-DF58D489023D}.Release|Any CPU.ActiveCfg = Release|Any CPU
		{948DC54F-D9C2-4ACC-A948-DF58D489023D}.Release|Any CPU.Build.0 = Release|Any CPU
		{DDC365FF-FE58-4979-932E-66E29C551C10}.Debug|Any CPU.ActiveCfg = Debug|Any CPU
		{DDC365FF-FE58-4979-932E-66E29C551C10}.Debug|Any CPU.Build.0 = Debug|Any CPU
		{DDC365FF-FE58-4979-932E-66E29C551C10}.Release|Any CPU.ActiveCfg = Release|Any CPU
		{DDC365FF-FE58-4979-932E-66E29C551C10}.Release|Any CPU.Build.0 = Release|Any CPU
		{5C40D6B8-8079-432F-8AF0-88F46E7212D7}.Debug|Any CPU.ActiveCfg = Debug|Any CPU
		{5C40D6B8-8079-432F-8AF0-88F46E7212D7}.Debug|Any CPU.Build.0 = Debug|Any CPU
		{5C40D6B8-8079-432F-8AF0-88F46E7212D7}.Release|Any CPU.ActiveCfg = Release|Any CPU
		{5C40D6B8-8079-432F-8AF0-88F46E7212D7}.Release|Any CPU.Build.0 = Release|Any CPU
		{08F091A3-CEBC-4859-AE08-C921B69076FD}.Debug|Any CPU.ActiveCfg = Debug|Any CPU
		{08F091A3-CEBC-4859-AE08-C921B69076FD}.Debug|Any CPU.Build.0 = Debug|Any CPU
		{08F091A3-CEBC-4859-AE08-C921B69076FD}.Release|Any CPU.ActiveCfg = Release|Any CPU
		{08F091A3-CEBC-4859-AE08-C921B69076FD}.Release|Any CPU.Build.0 = Release|Any CPU
		{357F26E9-F10D-4DAD-A757-9AEE585C0E3D}.Debug|Any CPU.ActiveCfg = Debug|Any CPU
		{357F26E9-F10D-4DAD-A757-9AEE585C0E3D}.Debug|Any CPU.Build.0 = Debug|Any CPU
		{357F26E9-F10D-4DAD-A757-9AEE585C0E3D}.Release|Any CPU.ActiveCfg = Release|Any CPU
		{357F26E9-F10D-4DAD-A757-9AEE585C0E3D}.Release|Any CPU.Build.0 = Release|Any CPU
		{69E4278F-4EA0-4644-9825-2F8509666320}.Debug|Any CPU.ActiveCfg = Debug|Any CPU
		{69E4278F-4EA0-4644-9825-2F8509666320}.Debug|Any CPU.Build.0 = Debug|Any CPU
		{69E4278F-4EA0-4644-9825-2F8509666320}.Release|Any CPU.ActiveCfg = Release|Any CPU
		{69E4278F-4EA0-4644-9825-2F8509666320}.Release|Any CPU.Build.0 = Release|Any CPU
		{5A05938F-E169-46FF-922A-B13CA841164A}.Debug|Any CPU.ActiveCfg = Debug|Any CPU
		{5A05938F-E169-46FF-922A-B13CA841164A}.Debug|Any CPU.Build.0 = Debug|Any CPU
		{5A05938F-E169-46FF-922A-B13CA841164A}.Release|Any CPU.ActiveCfg = Release|Any CPU
		{5A05938F-E169-46FF-922A-B13CA841164A}.Release|Any CPU.Build.0 = Release|Any CPU
		{3762269D-2A9C-42D1-9384-52895320FAA4}.Debug|Any CPU.ActiveCfg = Debug|Any CPU
		{3762269D-2A9C-42D1-9384-52895320FAA4}.Debug|Any CPU.Build.0 = Debug|Any CPU
		{3762269D-2A9C-42D1-9384-52895320FAA4}.Release|Any CPU.ActiveCfg = Release|Any CPU
		{3762269D-2A9C-42D1-9384-52895320FAA4}.Release|Any CPU.Build.0 = Release|Any CPU
		{67089D82-2FDE-46C7-9264-ED5C066DC8AD}.Debug|Any CPU.ActiveCfg = Debug|Any CPU
		{67089D82-2FDE-46C7-9264-ED5C066DC8AD}.Debug|Any CPU.Build.0 = Debug|Any CPU
		{67089D82-2FDE-46C7-9264-ED5C066DC8AD}.Release|Any CPU.ActiveCfg = Release|Any CPU
		{67089D82-2FDE-46C7-9264-ED5C066DC8AD}.Release|Any CPU.Build.0 = Release|Any CPU
		{4B95B838-26B8-4103-AFB2-C13C1EFA9FCF}.Debug|Any CPU.ActiveCfg = Debug|Any CPU
		{4B95B838-26B8-4103-AFB2-C13C1EFA9FCF}.Debug|Any CPU.Build.0 = Debug|Any CPU
		{4B95B838-26B8-4103-AFB2-C13C1EFA9FCF}.Release|Any CPU.ActiveCfg = Release|Any CPU
		{4B95B838-26B8-4103-AFB2-C13C1EFA9FCF}.Release|Any CPU.Build.0 = Release|Any CPU
		{793E2842-BAD7-49A7-97E7-72D28B1667A4}.Debug|Any CPU.ActiveCfg = Debug|Any CPU
		{793E2842-BAD7-49A7-97E7-72D28B1667A4}.Debug|Any CPU.Build.0 = Debug|Any CPU
		{793E2842-BAD7-49A7-97E7-72D28B1667A4}.Release|Any CPU.ActiveCfg = Release|Any CPU
		{793E2842-BAD7-49A7-97E7-72D28B1667A4}.Release|Any CPU.Build.0 = Release|Any CPU
		{DA6B970C-BAEC-4632-BB4F-F9DD570FC84D}.Debug|Any CPU.ActiveCfg = Debug|Any CPU
		{DA6B970C-BAEC-4632-BB4F-F9DD570FC84D}.Debug|Any CPU.Build.0 = Debug|Any CPU
		{DA6B970C-BAEC-4632-BB4F-F9DD570FC84D}.Release|Any CPU.ActiveCfg = Release|Any CPU
		{DA6B970C-BAEC-4632-BB4F-F9DD570FC84D}.Release|Any CPU.Build.0 = Release|Any CPU
	EndGlobalSection
	GlobalSection(SolutionProperties) = preSolution
		HideSolutionNode = FALSE
	EndGlobalSection
	GlobalSection(NestedProjects) = preSolution
		{5CBCE8B3-27A3-4D71-B38A-9CEEEF539F0A} = {61493679-BA3A-4687-85CB-7DE2668B16DD}
		{948DC54F-D9C2-4ACC-A948-DF58D489023D} = {61493679-BA3A-4687-85CB-7DE2668B16DD}
		{DDC365FF-FE58-4979-932E-66E29C551C10} = {51BB0CF3-E7F8-4B3F-99A9-EF8E24164D1F}
		{5C40D6B8-8079-432F-8AF0-88F46E7212D7} = {51BB0CF3-E7F8-4B3F-99A9-EF8E24164D1F}
		{08F091A3-CEBC-4859-AE08-C921B69076FD} = {FDCDF7CC-9203-4B94-AC34-82779243CB4D}
		{357F26E9-F10D-4DAD-A757-9AEE585C0E3D} = {64953AB8-3E10-4354-AF48-17612C96B8CD}
		{69E4278F-4EA0-4644-9825-2F8509666320} = {51BB0CF3-E7F8-4B3F-99A9-EF8E24164D1F}
		{5A05938F-E169-46FF-922A-B13CA841164A} = {64953AB8-3E10-4354-AF48-17612C96B8CD}
		{3762269D-2A9C-42D1-9384-52895320FAA4} = {8BD9901A-0727-42B4-BEA8-93A39CB7A33B}
		{67089D82-2FDE-46C7-9264-ED5C066DC8AD} = {FDCDF7CC-9203-4B94-AC34-82779243CB4D}
		{64953AB8-3E10-4354-AF48-17612C96B8CD} = {AAA566B2-283F-4073-9C84-FA2ACC787FEE}
		{4B95B838-26B8-4103-AFB2-C13C1EFA9FCF} = {64953AB8-3E10-4354-AF48-17612C96B8CD}
		{793E2842-BAD7-49A7-97E7-72D28B1667A4} = {51BB0CF3-E7F8-4B3F-99A9-EF8E24164D1F}
		{DA6B970C-BAEC-4632-BB4F-F9DD570FC84D} = {51BB0CF3-E7F8-4B3F-99A9-EF8E24164D1F}
	EndGlobalSection
	GlobalSection(ExtensibilityGlobals) = postSolution
		SolutionGuid = {6494DC4C-62EB-49F5-B63E-F3EA2BA3E057}
	EndGlobalSection
EndGlobal
