
Microsoft Visual Studio Solution File, Format Version 12.00
# Visual Studio Version 16
VisualStudioVersion = 16.0.30621.155
MinimumVisualStudioVersion = 10.0.40219.1
Project("{FAE04EC0-301F-11D3-BF4B-00C04F79EFBC}") = "EasyDriverPlugin", "EasyDriverPlugin\EasyDriverPlugin.csproj", "{5CBCE8B3-27A3-4D71-B38A-9CEEEF539F0A}"
EndProject
Project("{FAE04EC0-301F-11D3-BF4B-00C04F79EFBC}") = "EasyDriver.ModbusRTU2", "EasyDriver.ModbusRTU\EasyDriver.ModbusRTU2.csproj", "{948DC54F-D9C2-4ACC-A948-DF58D489023D}"
EndProject
Project("{FAE04EC0-301F-11D3-BF4B-00C04F79EFBC}") = "EasyDriver.ServerApplication", "EasyDriver.ServerApplication\EasyDriver.ServerApplication.csproj", "{08F091A3-CEBC-4859-AE08-C921B69076FD}"
EndProject
Project("{FAE04EC0-301F-11D3-BF4B-00C04F79EFBC}") = "EasyDriver.Core", "EasyDriver.Server.Models\EasyDriver.Core.csproj", "{67089D82-2FDE-46C7-9264-ED5C066DC8AD}"
EndProject
Project("{2150E333-8FDC-42A3-9474-1A3956D46DE8}") = "Server", "Server", "{FDCDF7CC-9203-4B94-AC34-82779243CB4D}"
EndProject
Project("{2150E333-8FDC-42A3-9474-1A3956D46DE8}") = "Driver", "Driver", "{61493679-BA3A-4687-85CB-7DE2668B16DD}"
EndProject
Project("{2150E333-8FDC-42A3-9474-1A3956D46DE8}") = "Test", "Test", "{51BB0CF3-E7F8-4B3F-99A9-EF8E24164D1F}"
EndProject
Project("{2150E333-8FDC-42A3-9474-1A3956D46DE8}") = "Controls", "Controls", "{AAA566B2-283F-4073-9C84-FA2ACC787FEE}"
EndProject
Project("{2150E333-8FDC-42A3-9474-1A3956D46DE8}") = "Winforms", "Winforms", "{64953AB8-3E10-4354-AF48-17612C96B8CD}"
EndProject
Project("{FAE04EC0-301F-11D3-BF4B-00C04F79EFBC}") = "EasyScada.Winforms.Connector", "EasyScada.Winforms.Connector\EasyScada.Winforms.Connector.csproj", "{4B95B838-26B8-4103-AFB2-C13C1EFA9FCF}"
EndProject
Project("{FAE04EC0-301F-11D3-BF4B-00C04F79EFBC}") = "EasyDriver.OmronHostLink", "EasyDriver.OmronHostLink\EasyDriver.OmronHostLink.csproj", "{7831A5A2-20C9-40ED-8DB5-41F4D74E2563}"
EndProject
Project("{FAE04EC0-301F-11D3-BF4B-00C04F79EFBC}") = "EasyDriver.ModbusTCP", "EasyDriver.ModbusTCP\EasyDriver.ModbusTCP.csproj", "{155D9C5D-AC0E-491F-AA64-6816F2049B47}"
EndProject
Project("{2150E333-8FDC-42A3-9474-1A3956D46DE8}") = "License", "License", "{5CB11167-9337-4148-B8D4-4133502E49B7}"
EndProject
Project("{FAE04EC0-301F-11D3-BF4B-00C04F79EFBC}") = "EasyScadaLicenseService", "EasyScadaLicenseService\EasyScadaLicenseService.csproj", "{685E686A-3F15-4540-BA1F-F78DB16A37C8}"
EndProject
Project("{FAE04EC0-301F-11D3-BF4B-00C04F79EFBC}") = "EasyScada.License", "EasyScada.License\EasyScada.License.csproj", "{C05B67F4-39D7-4789-83D0-4B3AB1BDF8BE}"
EndProject
Project("{2150E333-8FDC-42A3-9474-1A3956D46DE8}") = "Wpf", "Wpf", "{8BE1E477-67DE-49C6-9164-53F65F3B028D}"
EndProject
Project("{FAE04EC0-301F-11D3-BF4B-00C04F79EFBC}") = "EasyScada.Wpf.Connector", "EasyScada.Wpf.Connector\EasyScada.Wpf.Connector.csproj", "{7F693AED-4DFD-4DEA-B342-7B2F676452AE}"
EndProject
Project("{FAE04EC0-301F-11D3-BF4B-00C04F79EFBC}") = "EasyScada.Core", "EasyScada.Core\EasyScada.Core.csproj", "{275E5D96-E78D-4FAD-A87A-415DBF1D7B74}"
EndProject
Project("{FAE04EC0-301F-11D3-BF4B-00C04F79EFBC}") = "EasyScada.Wpf.Connector.VisualStudio.Design", "EasyScada.Wpf.Connector.Design\EasyScada.Wpf.Connector.VisualStudio.Design.csproj", "{749B6BB4-F52E-4AA3-9EC2-502142DACC68}"
EndProject
Project("{FAE04EC0-301F-11D3-BF4B-00C04F79EFBC}") = "EasyDriver.MitsubishiEthernet", "EasyDriver.MitsubishiEthernet\EasyDriver.MitsubishiEthernet.csproj", "{2B57D1DD-052B-4113-B0AA-256E33FA7389}"
EndProject
Project("{FAE04EC0-301F-11D3-BF4B-00C04F79EFBC}") = "EasyScada.Wpf.Controls", "EasyScada.Wpf.Controls\EasyScada.Wpf.Controls.csproj", "{DF2526DB-E7FB-48BB-B681-7C1191FD30FA}"
EndProject
Project("{FAE04EC0-301F-11D3-BF4B-00C04F79EFBC}") = "EasyDriver.S7Ethernet", "EasyDriver.S7Ethernet\EasyDriver.S7Ethernet.csproj", "{EA0D2F60-50A6-4AE5-89CC-418D886DA98A}"
EndProject
Project("{FAE04EC0-301F-11D3-BF4B-00C04F79EFBC}") = "TestScadaFormControls", "TestScadaFormControls\TestScadaFormControls.csproj", "{5DB8C4F9-E216-458B-A5B2-FE8FFD7CDCCF}"
EndProject
Project("{FAE04EC0-301F-11D3-BF4B-00C04F79EFBC}") = "EasyScada.Winforms.Controls", "EasyScada.Winforms.Controls\EasyScada.Winforms.Controls.csproj", "{BA53E923-5BAD-443C-A8F0-B191EAB9CA25}"
EndProject
Project("{FAE04EC0-301F-11D3-BF4B-00C04F79EFBC}") = "EasyDriver.DPA870", "EasyDriver.DPA870\EasyDriver.DPA870.csproj", "{B3C16606-7974-4B2F-8EF5-69B4A9564CB1}"
EndProject
Project("{FAE04EC0-301F-11D3-BF4B-00C04F79EFBC}") = "TestWpfApp", "TestWpfApp\TestWpfApp.csproj", "{F1C9CFF5-A255-4526-9C14-9128537CA995}"
EndProject
Project("{9A19103F-16F7-4668-BE54-9A1E7A4F7556}") = "ConsoleApp2", "ConsoleApp2\ConsoleApp2.csproj", "{3F4C698F-2A60-4E08-8F96-DE0E9A6ED191}"
EndProject
Project("{2150E333-8FDC-42A3-9474-1A3956D46DE8}") = "Services", "Services", "{58B71253-8EFD-45F8-8673-145794F8AC75}"
EndProject
Project("{9A19103F-16F7-4668-BE54-9A1E7A4F7556}") = "EasyDriver.ServicePlugin", "Services\EasyDriver.ServicePlugin\EasyDriver.ServicePlugin.csproj", "{AFF5D491-D210-4F15-AEB7-F8B2FAFD47D5}"
EndProject
Project("{9A19103F-16F7-4668-BE54-9A1E7A4F7556}") = "EasyDriver.Service.Reversible", "Services\EasyDriver.Service.Reversible\EasyDriver.Service.Reversible.csproj", "{92B25FB3-CB75-4B01-9B96-40277A583C4B}"
EndProject
Project("{2150E333-8FDC-42A3-9474-1A3956D46DE8}") = "Plugin", "Plugin", "{0E7BFB5E-F267-43B1-93A5-A6065D640F00}"
EndProject
Project("{9A19103F-16F7-4668-BE54-9A1E7A4F7556}") = "EasyDriver.Service.WorkspaceManager", "Services\EasyDriver.Service.WorkspaceManager\EasyDriver.Service.WorkspaceManager.csproj", "{D224A41F-1CC5-49CA-9A65-CADC3D2608F9}"
EndProject
Project("{2150E333-8FDC-42A3-9474-1A3956D46DE8}") = "Core", "Core", "{7B59D74A-1D92-441F-A53A-003BB9331156}"
EndProject
Project("{9A19103F-16F7-4668-BE54-9A1E7A4F7556}") = "EasyDriver.Core", "Core\EasyDriver.Core\EasyDriver.Core.csproj", "{03D0220E-5FCC-4F3B-9B02-5E64D38AAC33}"
EndProject
Project("{2150E333-8FDC-42A3-9474-1A3956D46DE8}") = "Plugin", "Plugin", "{CF7517B2-EEDF-475E-B894-9BB1380A356A}"
EndProject
Project("{9A19103F-16F7-4668-BE54-9A1E7A4F7556}") = "EasyDriverPlugin", "Drivers\EasyDriverPlugin\EasyDriverPlugin.csproj", "{B41C28C3-2B64-485C-9047-0CDFD6D3B56E}"
EndProject
Project("{9A19103F-16F7-4668-BE54-9A1E7A4F7556}") = "EasyDriverServer", "EasyDriverServer\EasyDriverServer.csproj", "{2E799F5C-1A53-4E06-9241-6839EF4EDC73}"
EndProject
Project("{9A19103F-16F7-4668-BE54-9A1E7A4F7556}") = "EasyDriver.Service.LayoutManager", "Services\EasyDriver.Service.LayoutManager\EasyDriver.Service.LayoutManager.csproj", "{72D5091F-E78B-4FBE-A8FD-A921991C65A4}"
EndProject
Project("{9A19103F-16F7-4668-BE54-9A1E7A4F7556}") = "EasyDriver.Service.InternalStorage", "Services\EasyDriver.Service.InternalStorage\EasyDriver.Service.InternalStorage.csproj", "{DDA9BB73-1A42-4775-B38D-D4CFFA5CF052}"
EndProject
Project("{9A19103F-16F7-4668-BE54-9A1E7A4F7556}") = "EasyDriver.Service.Notifier", "Services\EasyDriver.Service.Notifier\EasyDriver.Service.Notifier.csproj", "{BEA66BA2-1A9C-445E-9B4F-6C02B3F63A69}"
EndProject
Project("{9A19103F-16F7-4668-BE54-9A1E7A4F7556}") = "EasyDriver.Service.BarManager", "Services\EasyDriver.Service.BarManager\EasyDriver.Service.BarManager.csproj", "{1A8479EB-B63E-4D6E-97F6-B8A7497A7472}"
EndProject
Project("{9A19103F-16F7-4668-BE54-9A1E7A4F7556}") = "EasyDriverServer.ModuleInjection", "EasyDriverServer.ModuleInjection\EasyDriverServer.ModuleInjection.csproj", "{53C73499-A06A-47FE-A51C-A2349BDB500B}"
EndProject
Project("{2150E333-8FDC-42A3-9474-1A3956D46DE8}") = "Workspaces", "Workspaces", "{52CDFC87-76C2-4F6F-BDBD-0CEBDF8E4666}"
EndProject
Project("{2150E333-8FDC-42A3-9474-1A3956D46DE8}") = "Plugin", "Plugin", "{6DDDFFC4-CEE2-42A8-BD6F-85A103141DD5}"
EndProject
Project("{9A19103F-16F7-4668-BE54-9A1E7A4F7556}") = "EasyDriver.WorkspacePlugin", "Workspaces\EasyDriver.WorkspacePlugin\EasyDriver.WorkspacePlugin.csproj", "{9154E72F-D97D-4A76-BAF6-D14C2F35B618}"
EndProject
Project("{9A19103F-16F7-4668-BE54-9A1E7A4F7556}") = "EasyDriver.Workspace.Main", "Workspaces\EasyDriver.Workspace.Main\EasyDriver.Workspace.Main.csproj", "{4AA51338-F7E1-4B5A-ACDF-D0C4ABE193C5}"
EndProject
Project("{9A19103F-16F7-4668-BE54-9A1E7A4F7556}") = "EasyDriver.Service.ProjectManager", "Services\EasyDriver.Service.ProjectManager\EasyDriver.Service.ProjectManager.csproj", "{D88636B9-F896-4337-B0BB-B2E08CD8046F}"
EndProject
Project("{9A19103F-16F7-4668-BE54-9A1E7A4F7556}") = "EasyDriver.Service.DriverManager", "Services\EasyDriver.Service.DriverManager\EasyDriver.Service.DriverManager.csproj", "{69C8FAB2-1A44-476F-84A3-C2709304F9F8}"
EndProject
Project("{9A19103F-16F7-4668-BE54-9A1E7A4F7556}") = "EasyDriver.Service.TagWriter", "Services\EasyDriver.Service.TagWriter\EasyDriver.Service.TagWriter.csproj", "{C07C81C9-A665-467E-9E2C-4E7D6EA04290}"
EndProject
Project("{9A19103F-16F7-4668-BE54-9A1E7A4F7556}") = "EasyDriver.Service.RemoteConnectionManager", "Services\EasyDriver.Service.RemoteConnectionManager\EasyDriver.Service.RemoteConnectionManager.csproj", "{30558975-220E-4567-8807-18CD2D29650F}"
EndProject
Project("{2150E333-8FDC-42A3-9474-1A3956D46DE8}") = "RemoteConnections", "RemoteConnections", "{D4AD5F45-63E4-40A4-A4C6-1FBEA4FEE84F}"
EndProject
Project("{2150E333-8FDC-42A3-9474-1A3956D46DE8}") = "Plugin", "Plugin", "{14E0E3E7-4C5E-42A9-AB49-EAA4CEEF7C88}"
EndProject
Project("{9A19103F-16F7-4668-BE54-9A1E7A4F7556}") = "EasyDriver.RemoteConnectionPlugin", "RemoteConnections\EasyDriver.RemoteConnectionPlugin\EasyDriver.RemoteConnectionPlugin.csproj", "{827A3777-DEC2-4F63-AF41-53FB89665874}"
EndProject
Project("{9A19103F-16F7-4668-BE54-9A1E7A4F7556}") = "EasyDriver.Service.ContextWindow", "Services\EasyDriver.Service.ContextWindow\EasyDriver.Service.ContextWindow.csproj", "{1A8CD791-5A20-4251-A0A8-C41871B6C26B}"
EndProject
Project("{9A19103F-16F7-4668-BE54-9A1E7A4F7556}") = "EasyDriver.Service.ApplicationProperties", "Services\EasyDriver.Service.ApplicationProperties\EasyDriver.Service.ApplicationProperties.csproj", "{2A211555-A5B8-41FC-850D-AB09BEADCCDA}"
EndProject
Project("{9A19103F-16F7-4668-BE54-9A1E7A4F7556}") = "EasyDriver.Service.Clipboard", "Services\EasyDriver.Service.Clipboard\EasyDriver.Service.Clipboard.csproj", "{51F49C77-5730-4603-897D-1192ECD7702D}"
EndProject
Project("{9A19103F-16F7-4668-BE54-9A1E7A4F7556}") = "EasyDriver.ModbusRTU", "Drivers\EasyDriver.ModbusRTU\EasyDriver.ModbusRTU.csproj", "{51E1354D-492A-4B8E-8AB8-0CDC8DEAB7C8}"
EndProject
Project("{FAE04EC0-301F-11D3-BF4B-00C04F79EFBC}") = "EasyDriver.RemoteConnection.SignalR", "RemoteConnections\EasyDriver.RemoteConnection.SignalR\EasyDriver.RemoteConnection.SignalR.csproj", "{43DEB1DB-C89E-4044-9329-FCC1B029DF4D}"
EndProject
Global
	GlobalSection(SolutionConfigurationPlatforms) = preSolution
		Debug|Any CPU = Debug|Any CPU
		Release|Any CPU = Release|Any CPU
	EndGlobalSection
	GlobalSection(ProjectConfigurationPlatforms) = postSolution
		{5CBCE8B3-27A3-4D71-B38A-9CEEEF539F0A}.Debug|Any CPU.ActiveCfg = Debug|Any CPU
		{5CBCE8B3-27A3-4D71-B38A-9CEEEF539F0A}.Debug|Any CPU.Build.0 = Debug|Any CPU
		{5CBCE8B3-27A3-4D71-B38A-9CEEEF539F0A}.Release|Any CPU.ActiveCfg = Release|Any CPU
		{5CBCE8B3-27A3-4D71-B38A-9CEEEF539F0A}.Release|Any CPU.Build.0 = Release|Any CPU
		{948DC54F-D9C2-4ACC-A948-DF58D489023D}.Debug|Any CPU.ActiveCfg = Debug|Any CPU
		{948DC54F-D9C2-4ACC-A948-DF58D489023D}.Debug|Any CPU.Build.0 = Debug|Any CPU
		{948DC54F-D9C2-4ACC-A948-DF58D489023D}.Release|Any CPU.ActiveCfg = Release|Any CPU
		{948DC54F-D9C2-4ACC-A948-DF58D489023D}.Release|Any CPU.Build.0 = Release|Any CPU
		{08F091A3-CEBC-4859-AE08-C921B69076FD}.Debug|Any CPU.ActiveCfg = Debug|Any CPU
		{08F091A3-CEBC-4859-AE08-C921B69076FD}.Debug|Any CPU.Build.0 = Debug|Any CPU
		{08F091A3-CEBC-4859-AE08-C921B69076FD}.Release|Any CPU.ActiveCfg = Release|Any CPU
		{08F091A3-CEBC-4859-AE08-C921B69076FD}.Release|Any CPU.Build.0 = Release|Any CPU
		{67089D82-2FDE-46C7-9264-ED5C066DC8AD}.Debug|Any CPU.ActiveCfg = Debug|Any CPU
		{67089D82-2FDE-46C7-9264-ED5C066DC8AD}.Debug|Any CPU.Build.0 = Debug|Any CPU
		{67089D82-2FDE-46C7-9264-ED5C066DC8AD}.Release|Any CPU.ActiveCfg = Release|Any CPU
		{67089D82-2FDE-46C7-9264-ED5C066DC8AD}.Release|Any CPU.Build.0 = Release|Any CPU
		{4B95B838-26B8-4103-AFB2-C13C1EFA9FCF}.Debug|Any CPU.ActiveCfg = Debug|Any CPU
		{4B95B838-26B8-4103-AFB2-C13C1EFA9FCF}.Debug|Any CPU.Build.0 = Debug|Any CPU
		{4B95B838-26B8-4103-AFB2-C13C1EFA9FCF}.Release|Any CPU.ActiveCfg = Release|Any CPU
		{4B95B838-26B8-4103-AFB2-C13C1EFA9FCF}.Release|Any CPU.Build.0 = Release|Any CPU
		{7831A5A2-20C9-40ED-8DB5-41F4D74E2563}.Debug|Any CPU.ActiveCfg = Debug|Any CPU
		{7831A5A2-20C9-40ED-8DB5-41F4D74E2563}.Debug|Any CPU.Build.0 = Debug|Any CPU
		{7831A5A2-20C9-40ED-8DB5-41F4D74E2563}.Release|Any CPU.ActiveCfg = Release|Any CPU
		{7831A5A2-20C9-40ED-8DB5-41F4D74E2563}.Release|Any CPU.Build.0 = Release|Any CPU
		{155D9C5D-AC0E-491F-AA64-6816F2049B47}.Debug|Any CPU.ActiveCfg = Debug|Any CPU
		{155D9C5D-AC0E-491F-AA64-6816F2049B47}.Debug|Any CPU.Build.0 = Debug|Any CPU
		{155D9C5D-AC0E-491F-AA64-6816F2049B47}.Release|Any CPU.ActiveCfg = Release|Any CPU
		{155D9C5D-AC0E-491F-AA64-6816F2049B47}.Release|Any CPU.Build.0 = Release|Any CPU
		{685E686A-3F15-4540-BA1F-F78DB16A37C8}.Debug|Any CPU.ActiveCfg = Debug|Any CPU
		{685E686A-3F15-4540-BA1F-F78DB16A37C8}.Debug|Any CPU.Build.0 = Debug|Any CPU
		{685E686A-3F15-4540-BA1F-F78DB16A37C8}.Release|Any CPU.ActiveCfg = Release|Any CPU
		{685E686A-3F15-4540-BA1F-F78DB16A37C8}.Release|Any CPU.Build.0 = Release|Any CPU
		{C05B67F4-39D7-4789-83D0-4B3AB1BDF8BE}.Debug|Any CPU.ActiveCfg = Debug|Any CPU
		{C05B67F4-39D7-4789-83D0-4B3AB1BDF8BE}.Debug|Any CPU.Build.0 = Debug|Any CPU
		{C05B67F4-39D7-4789-83D0-4B3AB1BDF8BE}.Release|Any CPU.ActiveCfg = Release|Any CPU
		{C05B67F4-39D7-4789-83D0-4B3AB1BDF8BE}.Release|Any CPU.Build.0 = Release|Any CPU
		{7F693AED-4DFD-4DEA-B342-7B2F676452AE}.Debug|Any CPU.ActiveCfg = Debug|Any CPU
		{7F693AED-4DFD-4DEA-B342-7B2F676452AE}.Debug|Any CPU.Build.0 = Debug|Any CPU
		{7F693AED-4DFD-4DEA-B342-7B2F676452AE}.Release|Any CPU.ActiveCfg = Release|Any CPU
		{7F693AED-4DFD-4DEA-B342-7B2F676452AE}.Release|Any CPU.Build.0 = Release|Any CPU
		{275E5D96-E78D-4FAD-A87A-415DBF1D7B74}.Debug|Any CPU.ActiveCfg = Debug|Any CPU
		{275E5D96-E78D-4FAD-A87A-415DBF1D7B74}.Debug|Any CPU.Build.0 = Debug|Any CPU
		{275E5D96-E78D-4FAD-A87A-415DBF1D7B74}.Release|Any CPU.ActiveCfg = Release|Any CPU
		{275E5D96-E78D-4FAD-A87A-415DBF1D7B74}.Release|Any CPU.Build.0 = Release|Any CPU
		{749B6BB4-F52E-4AA3-9EC2-502142DACC68}.Debug|Any CPU.ActiveCfg = Debug|Any CPU
		{749B6BB4-F52E-4AA3-9EC2-502142DACC68}.Debug|Any CPU.Build.0 = Debug|Any CPU
		{749B6BB4-F52E-4AA3-9EC2-502142DACC68}.Release|Any CPU.ActiveCfg = Release|Any CPU
		{749B6BB4-F52E-4AA3-9EC2-502142DACC68}.Release|Any CPU.Build.0 = Release|Any CPU
		{2B57D1DD-052B-4113-B0AA-256E33FA7389}.Debug|Any CPU.ActiveCfg = Debug|Any CPU
		{2B57D1DD-052B-4113-B0AA-256E33FA7389}.Debug|Any CPU.Build.0 = Debug|Any CPU
		{2B57D1DD-052B-4113-B0AA-256E33FA7389}.Release|Any CPU.ActiveCfg = Release|Any CPU
		{2B57D1DD-052B-4113-B0AA-256E33FA7389}.Release|Any CPU.Build.0 = Release|Any CPU
		{DF2526DB-E7FB-48BB-B681-7C1191FD30FA}.Debug|Any CPU.ActiveCfg = Debug|Any CPU
		{DF2526DB-E7FB-48BB-B681-7C1191FD30FA}.Debug|Any CPU.Build.0 = Debug|Any CPU
		{DF2526DB-E7FB-48BB-B681-7C1191FD30FA}.Release|Any CPU.ActiveCfg = Release|Any CPU
		{DF2526DB-E7FB-48BB-B681-7C1191FD30FA}.Release|Any CPU.Build.0 = Release|Any CPU
		{EA0D2F60-50A6-4AE5-89CC-418D886DA98A}.Debug|Any CPU.ActiveCfg = Debug|Any CPU
		{EA0D2F60-50A6-4AE5-89CC-418D886DA98A}.Debug|Any CPU.Build.0 = Debug|Any CPU
		{EA0D2F60-50A6-4AE5-89CC-418D886DA98A}.Release|Any CPU.ActiveCfg = Release|Any CPU
		{EA0D2F60-50A6-4AE5-89CC-418D886DA98A}.Release|Any CPU.Build.0 = Release|Any CPU
		{5DB8C4F9-E216-458B-A5B2-FE8FFD7CDCCF}.Debug|Any CPU.ActiveCfg = Debug|Any CPU
		{5DB8C4F9-E216-458B-A5B2-FE8FFD7CDCCF}.Debug|Any CPU.Build.0 = Debug|Any CPU
		{5DB8C4F9-E216-458B-A5B2-FE8FFD7CDCCF}.Release|Any CPU.ActiveCfg = Release|Any CPU
		{5DB8C4F9-E216-458B-A5B2-FE8FFD7CDCCF}.Release|Any CPU.Build.0 = Release|Any CPU
		{BA53E923-5BAD-443C-A8F0-B191EAB9CA25}.Debug|Any CPU.ActiveCfg = Debug|Any CPU
		{BA53E923-5BAD-443C-A8F0-B191EAB9CA25}.Debug|Any CPU.Build.0 = Debug|Any CPU
		{BA53E923-5BAD-443C-A8F0-B191EAB9CA25}.Release|Any CPU.ActiveCfg = Release|Any CPU
		{BA53E923-5BAD-443C-A8F0-B191EAB9CA25}.Release|Any CPU.Build.0 = Release|Any CPU
		{B3C16606-7974-4B2F-8EF5-69B4A9564CB1}.Debug|Any CPU.ActiveCfg = Debug|Any CPU
		{B3C16606-7974-4B2F-8EF5-69B4A9564CB1}.Debug|Any CPU.Build.0 = Debug|Any CPU
		{B3C16606-7974-4B2F-8EF5-69B4A9564CB1}.Release|Any CPU.ActiveCfg = Release|Any CPU
		{B3C16606-7974-4B2F-8EF5-69B4A9564CB1}.Release|Any CPU.Build.0 = Release|Any CPU
		{F1C9CFF5-A255-4526-9C14-9128537CA995}.Debug|Any CPU.ActiveCfg = Debug|Any CPU
		{F1C9CFF5-A255-4526-9C14-9128537CA995}.Debug|Any CPU.Build.0 = Debug|Any CPU
		{F1C9CFF5-A255-4526-9C14-9128537CA995}.Release|Any CPU.ActiveCfg = Release|Any CPU
		{F1C9CFF5-A255-4526-9C14-9128537CA995}.Release|Any CPU.Build.0 = Release|Any CPU
		{3F4C698F-2A60-4E08-8F96-DE0E9A6ED191}.Debug|Any CPU.ActiveCfg = Debug|Any CPU
		{3F4C698F-2A60-4E08-8F96-DE0E9A6ED191}.Debug|Any CPU.Build.0 = Debug|Any CPU
		{3F4C698F-2A60-4E08-8F96-DE0E9A6ED191}.Release|Any CPU.ActiveCfg = Release|Any CPU
		{3F4C698F-2A60-4E08-8F96-DE0E9A6ED191}.Release|Any CPU.Build.0 = Release|Any CPU
		{AFF5D491-D210-4F15-AEB7-F8B2FAFD47D5}.Debug|Any CPU.ActiveCfg = Debug|Any CPU
		{AFF5D491-D210-4F15-AEB7-F8B2FAFD47D5}.Debug|Any CPU.Build.0 = Debug|Any CPU
		{AFF5D491-D210-4F15-AEB7-F8B2FAFD47D5}.Release|Any CPU.ActiveCfg = Release|Any CPU
		{AFF5D491-D210-4F15-AEB7-F8B2FAFD47D5}.Release|Any CPU.Build.0 = Release|Any CPU
		{92B25FB3-CB75-4B01-9B96-40277A583C4B}.Debug|Any CPU.ActiveCfg = Debug|Any CPU
		{92B25FB3-CB75-4B01-9B96-40277A583C4B}.Debug|Any CPU.Build.0 = Debug|Any CPU
		{92B25FB3-CB75-4B01-9B96-40277A583C4B}.Release|Any CPU.ActiveCfg = Release|Any CPU
		{92B25FB3-CB75-4B01-9B96-40277A583C4B}.Release|Any CPU.Build.0 = Release|Any CPU
		{D224A41F-1CC5-49CA-9A65-CADC3D2608F9}.Debug|Any CPU.ActiveCfg = Debug|Any CPU
		{D224A41F-1CC5-49CA-9A65-CADC3D2608F9}.Debug|Any CPU.Build.0 = Debug|Any CPU
		{D224A41F-1CC5-49CA-9A65-CADC3D2608F9}.Release|Any CPU.ActiveCfg = Release|Any CPU
		{D224A41F-1CC5-49CA-9A65-CADC3D2608F9}.Release|Any CPU.Build.0 = Release|Any CPU
		{03D0220E-5FCC-4F3B-9B02-5E64D38AAC33}.Debug|Any CPU.ActiveCfg = Debug|Any CPU
		{03D0220E-5FCC-4F3B-9B02-5E64D38AAC33}.Debug|Any CPU.Build.0 = Debug|Any CPU
		{03D0220E-5FCC-4F3B-9B02-5E64D38AAC33}.Release|Any CPU.ActiveCfg = Release|Any CPU
		{03D0220E-5FCC-4F3B-9B02-5E64D38AAC33}.Release|Any CPU.Build.0 = Release|Any CPU
		{B41C28C3-2B64-485C-9047-0CDFD6D3B56E}.Debug|Any CPU.ActiveCfg = Debug|Any CPU
		{B41C28C3-2B64-485C-9047-0CDFD6D3B56E}.Debug|Any CPU.Build.0 = Debug|Any CPU
		{B41C28C3-2B64-485C-9047-0CDFD6D3B56E}.Release|Any CPU.ActiveCfg = Release|Any CPU
		{B41C28C3-2B64-485C-9047-0CDFD6D3B56E}.Release|Any CPU.Build.0 = Release|Any CPU
		{2E799F5C-1A53-4E06-9241-6839EF4EDC73}.Debug|Any CPU.ActiveCfg = Debug|Any CPU
		{2E799F5C-1A53-4E06-9241-6839EF4EDC73}.Debug|Any CPU.Build.0 = Debug|Any CPU
		{2E799F5C-1A53-4E06-9241-6839EF4EDC73}.Release|Any CPU.ActiveCfg = Release|Any CPU
		{2E799F5C-1A53-4E06-9241-6839EF4EDC73}.Release|Any CPU.Build.0 = Release|Any CPU
		{72D5091F-E78B-4FBE-A8FD-A921991C65A4}.Debug|Any CPU.ActiveCfg = Debug|Any CPU
		{72D5091F-E78B-4FBE-A8FD-A921991C65A4}.Debug|Any CPU.Build.0 = Debug|Any CPU
		{72D5091F-E78B-4FBE-A8FD-A921991C65A4}.Release|Any CPU.ActiveCfg = Release|Any CPU
		{72D5091F-E78B-4FBE-A8FD-A921991C65A4}.Release|Any CPU.Build.0 = Release|Any CPU
		{DDA9BB73-1A42-4775-B38D-D4CFFA5CF052}.Debug|Any CPU.ActiveCfg = Debug|Any CPU
		{DDA9BB73-1A42-4775-B38D-D4CFFA5CF052}.Debug|Any CPU.Build.0 = Debug|Any CPU
		{DDA9BB73-1A42-4775-B38D-D4CFFA5CF052}.Release|Any CPU.ActiveCfg = Release|Any CPU
		{DDA9BB73-1A42-4775-B38D-D4CFFA5CF052}.Release|Any CPU.Build.0 = Release|Any CPU
		{BEA66BA2-1A9C-445E-9B4F-6C02B3F63A69}.Debug|Any CPU.ActiveCfg = Debug|Any CPU
		{BEA66BA2-1A9C-445E-9B4F-6C02B3F63A69}.Debug|Any CPU.Build.0 = Debug|Any CPU
		{BEA66BA2-1A9C-445E-9B4F-6C02B3F63A69}.Release|Any CPU.ActiveCfg = Release|Any CPU
		{BEA66BA2-1A9C-445E-9B4F-6C02B3F63A69}.Release|Any CPU.Build.0 = Release|Any CPU
		{1A8479EB-B63E-4D6E-97F6-B8A7497A7472}.Debug|Any CPU.ActiveCfg = Debug|Any CPU
		{1A8479EB-B63E-4D6E-97F6-B8A7497A7472}.Debug|Any CPU.Build.0 = Debug|Any CPU
		{1A8479EB-B63E-4D6E-97F6-B8A7497A7472}.Release|Any CPU.ActiveCfg = Release|Any CPU
		{1A8479EB-B63E-4D6E-97F6-B8A7497A7472}.Release|Any CPU.Build.0 = Release|Any CPU
		{53C73499-A06A-47FE-A51C-A2349BDB500B}.Debug|Any CPU.ActiveCfg = Debug|Any CPU
		{53C73499-A06A-47FE-A51C-A2349BDB500B}.Debug|Any CPU.Build.0 = Debug|Any CPU
		{53C73499-A06A-47FE-A51C-A2349BDB500B}.Release|Any CPU.ActiveCfg = Release|Any CPU
		{53C73499-A06A-47FE-A51C-A2349BDB500B}.Release|Any CPU.Build.0 = Release|Any CPU
		{9154E72F-D97D-4A76-BAF6-D14C2F35B618}.Debug|Any CPU.ActiveCfg = Debug|Any CPU
		{9154E72F-D97D-4A76-BAF6-D14C2F35B618}.Debug|Any CPU.Build.0 = Debug|Any CPU
		{9154E72F-D97D-4A76-BAF6-D14C2F35B618}.Release|Any CPU.ActiveCfg = Release|Any CPU
		{9154E72F-D97D-4A76-BAF6-D14C2F35B618}.Release|Any CPU.Build.0 = Release|Any CPU
		{4AA51338-F7E1-4B5A-ACDF-D0C4ABE193C5}.Debug|Any CPU.ActiveCfg = Debug|Any CPU
		{4AA51338-F7E1-4B5A-ACDF-D0C4ABE193C5}.Debug|Any CPU.Build.0 = Debug|Any CPU
		{4AA51338-F7E1-4B5A-ACDF-D0C4ABE193C5}.Release|Any CPU.ActiveCfg = Release|Any CPU
		{4AA51338-F7E1-4B5A-ACDF-D0C4ABE193C5}.Release|Any CPU.Build.0 = Release|Any CPU
		{D88636B9-F896-4337-B0BB-B2E08CD8046F}.Debug|Any CPU.ActiveCfg = Debug|Any CPU
		{D88636B9-F896-4337-B0BB-B2E08CD8046F}.Debug|Any CPU.Build.0 = Debug|Any CPU
		{D88636B9-F896-4337-B0BB-B2E08CD8046F}.Release|Any CPU.ActiveCfg = Release|Any CPU
		{D88636B9-F896-4337-B0BB-B2E08CD8046F}.Release|Any CPU.Build.0 = Release|Any CPU
		{69C8FAB2-1A44-476F-84A3-C2709304F9F8}.Debug|Any CPU.ActiveCfg = Debug|Any CPU
		{69C8FAB2-1A44-476F-84A3-C2709304F9F8}.Debug|Any CPU.Build.0 = Debug|Any CPU
		{69C8FAB2-1A44-476F-84A3-C2709304F9F8}.Release|Any CPU.ActiveCfg = Release|Any CPU
		{69C8FAB2-1A44-476F-84A3-C2709304F9F8}.Release|Any CPU.Build.0 = Release|Any CPU
		{C07C81C9-A665-467E-9E2C-4E7D6EA04290}.Debug|Any CPU.ActiveCfg = Debug|Any CPU
		{C07C81C9-A665-467E-9E2C-4E7D6EA04290}.Debug|Any CPU.Build.0 = Debug|Any CPU
		{C07C81C9-A665-467E-9E2C-4E7D6EA04290}.Release|Any CPU.ActiveCfg = Release|Any CPU
		{C07C81C9-A665-467E-9E2C-4E7D6EA04290}.Release|Any CPU.Build.0 = Release|Any CPU
		{30558975-220E-4567-8807-18CD2D29650F}.Debug|Any CPU.ActiveCfg = Debug|Any CPU
		{30558975-220E-4567-8807-18CD2D29650F}.Debug|Any CPU.Build.0 = Debug|Any CPU
		{30558975-220E-4567-8807-18CD2D29650F}.Release|Any CPU.ActiveCfg = Release|Any CPU
		{30558975-220E-4567-8807-18CD2D29650F}.Release|Any CPU.Build.0 = Release|Any CPU
		{827A3777-DEC2-4F63-AF41-53FB89665874}.Debug|Any CPU.ActiveCfg = Debug|Any CPU
		{827A3777-DEC2-4F63-AF41-53FB89665874}.Debug|Any CPU.Build.0 = Debug|Any CPU
		{827A3777-DEC2-4F63-AF41-53FB89665874}.Release|Any CPU.ActiveCfg = Release|Any CPU
		{827A3777-DEC2-4F63-AF41-53FB89665874}.Release|Any CPU.Build.0 = Release|Any CPU
		{1A8CD791-5A20-4251-A0A8-C41871B6C26B}.Debug|Any CPU.ActiveCfg = Debug|Any CPU
		{1A8CD791-5A20-4251-A0A8-C41871B6C26B}.Debug|Any CPU.Build.0 = Debug|Any CPU
		{1A8CD791-5A20-4251-A0A8-C41871B6C26B}.Release|Any CPU.ActiveCfg = Release|Any CPU
		{1A8CD791-5A20-4251-A0A8-C41871B6C26B}.Release|Any CPU.Build.0 = Release|Any CPU
		{2A211555-A5B8-41FC-850D-AB09BEADCCDA}.Debug|Any CPU.ActiveCfg = Debug|Any CPU
		{2A211555-A5B8-41FC-850D-AB09BEADCCDA}.Debug|Any CPU.Build.0 = Debug|Any CPU
		{2A211555-A5B8-41FC-850D-AB09BEADCCDA}.Release|Any CPU.ActiveCfg = Release|Any CPU
		{2A211555-A5B8-41FC-850D-AB09BEADCCDA}.Release|Any CPU.Build.0 = Release|Any CPU
		{51F49C77-5730-4603-897D-1192ECD7702D}.Debug|Any CPU.ActiveCfg = Debug|Any CPU
		{51F49C77-5730-4603-897D-1192ECD7702D}.Debug|Any CPU.Build.0 = Debug|Any CPU
		{51F49C77-5730-4603-897D-1192ECD7702D}.Release|Any CPU.ActiveCfg = Release|Any CPU
		{51F49C77-5730-4603-897D-1192ECD7702D}.Release|Any CPU.Build.0 = Release|Any CPU
		{51E1354D-492A-4B8E-8AB8-0CDC8DEAB7C8}.Debug|Any CPU.ActiveCfg = Debug|Any CPU
		{51E1354D-492A-4B8E-8AB8-0CDC8DEAB7C8}.Debug|Any CPU.Build.0 = Debug|Any CPU
		{51E1354D-492A-4B8E-8AB8-0CDC8DEAB7C8}.Release|Any CPU.ActiveCfg = Release|Any CPU
		{51E1354D-492A-4B8E-8AB8-0CDC8DEAB7C8}.Release|Any CPU.Build.0 = Release|Any CPU
		{43DEB1DB-C89E-4044-9329-FCC1B029DF4D}.Debug|Any CPU.ActiveCfg = Debug|Any CPU
		{43DEB1DB-C89E-4044-9329-FCC1B029DF4D}.Debug|Any CPU.Build.0 = Debug|Any CPU
		{43DEB1DB-C89E-4044-9329-FCC1B029DF4D}.Release|Any CPU.ActiveCfg = Release|Any CPU
		{43DEB1DB-C89E-4044-9329-FCC1B029DF4D}.Release|Any CPU.Build.0 = Release|Any CPU
	EndGlobalSection
	GlobalSection(SolutionProperties) = preSolution
		HideSolutionNode = FALSE
	EndGlobalSection
	GlobalSection(NestedProjects) = preSolution
		{5CBCE8B3-27A3-4D71-B38A-9CEEEF539F0A} = {61493679-BA3A-4687-85CB-7DE2668B16DD}
		{948DC54F-D9C2-4ACC-A948-DF58D489023D} = {61493679-BA3A-4687-85CB-7DE2668B16DD}
		{08F091A3-CEBC-4859-AE08-C921B69076FD} = {FDCDF7CC-9203-4B94-AC34-82779243CB4D}
		{67089D82-2FDE-46C7-9264-ED5C066DC8AD} = {FDCDF7CC-9203-4B94-AC34-82779243CB4D}
		{64953AB8-3E10-4354-AF48-17612C96B8CD} = {AAA566B2-283F-4073-9C84-FA2ACC787FEE}
		{4B95B838-26B8-4103-AFB2-C13C1EFA9FCF} = {64953AB8-3E10-4354-AF48-17612C96B8CD}
		{7831A5A2-20C9-40ED-8DB5-41F4D74E2563} = {61493679-BA3A-4687-85CB-7DE2668B16DD}
		{155D9C5D-AC0E-491F-AA64-6816F2049B47} = {61493679-BA3A-4687-85CB-7DE2668B16DD}
		{685E686A-3F15-4540-BA1F-F78DB16A37C8} = {5CB11167-9337-4148-B8D4-4133502E49B7}
		{C05B67F4-39D7-4789-83D0-4B3AB1BDF8BE} = {5CB11167-9337-4148-B8D4-4133502E49B7}
		{8BE1E477-67DE-49C6-9164-53F65F3B028D} = {AAA566B2-283F-4073-9C84-FA2ACC787FEE}
		{7F693AED-4DFD-4DEA-B342-7B2F676452AE} = {8BE1E477-67DE-49C6-9164-53F65F3B028D}
		{275E5D96-E78D-4FAD-A87A-415DBF1D7B74} = {AAA566B2-283F-4073-9C84-FA2ACC787FEE}
		{749B6BB4-F52E-4AA3-9EC2-502142DACC68} = {8BE1E477-67DE-49C6-9164-53F65F3B028D}
		{2B57D1DD-052B-4113-B0AA-256E33FA7389} = {61493679-BA3A-4687-85CB-7DE2668B16DD}
		{DF2526DB-E7FB-48BB-B681-7C1191FD30FA} = {8BE1E477-67DE-49C6-9164-53F65F3B028D}
		{EA0D2F60-50A6-4AE5-89CC-418D886DA98A} = {61493679-BA3A-4687-85CB-7DE2668B16DD}
		{5DB8C4F9-E216-458B-A5B2-FE8FFD7CDCCF} = {64953AB8-3E10-4354-AF48-17612C96B8CD}
		{BA53E923-5BAD-443C-A8F0-B191EAB9CA25} = {64953AB8-3E10-4354-AF48-17612C96B8CD}
		{B3C16606-7974-4B2F-8EF5-69B4A9564CB1} = {61493679-BA3A-4687-85CB-7DE2668B16DD}
		{F1C9CFF5-A255-4526-9C14-9128537CA995} = {8BE1E477-67DE-49C6-9164-53F65F3B028D}
		{3F4C698F-2A60-4E08-8F96-DE0E9A6ED191} = {51BB0CF3-E7F8-4B3F-99A9-EF8E24164D1F}
		{58B71253-8EFD-45F8-8673-145794F8AC75} = {FDCDF7CC-9203-4B94-AC34-82779243CB4D}
		{AFF5D491-D210-4F15-AEB7-F8B2FAFD47D5} = {0E7BFB5E-F267-43B1-93A5-A6065D640F00}
		{92B25FB3-CB75-4B01-9B96-40277A583C4B} = {58B71253-8EFD-45F8-8673-145794F8AC75}
		{0E7BFB5E-F267-43B1-93A5-A6065D640F00} = {58B71253-8EFD-45F8-8673-145794F8AC75}
		{D224A41F-1CC5-49CA-9A65-CADC3D2608F9} = {58B71253-8EFD-45F8-8673-145794F8AC75}
		{7B59D74A-1D92-441F-A53A-003BB9331156} = {FDCDF7CC-9203-4B94-AC34-82779243CB4D}
		{03D0220E-5FCC-4F3B-9B02-5E64D38AAC33} = {7B59D74A-1D92-441F-A53A-003BB9331156}
		{CF7517B2-EEDF-475E-B894-9BB1380A356A} = {61493679-BA3A-4687-85CB-7DE2668B16DD}
		{B41C28C3-2B64-485C-9047-0CDFD6D3B56E} = {CF7517B2-EEDF-475E-B894-9BB1380A356A}
		{2E799F5C-1A53-4E06-9241-6839EF4EDC73} = {FDCDF7CC-9203-4B94-AC34-82779243CB4D}
		{72D5091F-E78B-4FBE-A8FD-A921991C65A4} = {58B71253-8EFD-45F8-8673-145794F8AC75}
		{DDA9BB73-1A42-4775-B38D-D4CFFA5CF052} = {58B71253-8EFD-45F8-8673-145794F8AC75}
		{BEA66BA2-1A9C-445E-9B4F-6C02B3F63A69} = {58B71253-8EFD-45F8-8673-145794F8AC75}
		{1A8479EB-B63E-4D6E-97F6-B8A7497A7472} = {58B71253-8EFD-45F8-8673-145794F8AC75}
		{53C73499-A06A-47FE-A51C-A2349BDB500B} = {FDCDF7CC-9203-4B94-AC34-82779243CB4D}
		{52CDFC87-76C2-4F6F-BDBD-0CEBDF8E4666} = {FDCDF7CC-9203-4B94-AC34-82779243CB4D}
		{6DDDFFC4-CEE2-42A8-BD6F-85A103141DD5} = {52CDFC87-76C2-4F6F-BDBD-0CEBDF8E4666}
		{9154E72F-D97D-4A76-BAF6-D14C2F35B618} = {6DDDFFC4-CEE2-42A8-BD6F-85A103141DD5}
		{4AA51338-F7E1-4B5A-ACDF-D0C4ABE193C5} = {52CDFC87-76C2-4F6F-BDBD-0CEBDF8E4666}
		{D88636B9-F896-4337-B0BB-B2E08CD8046F} = {58B71253-8EFD-45F8-8673-145794F8AC75}
		{69C8FAB2-1A44-476F-84A3-C2709304F9F8} = {58B71253-8EFD-45F8-8673-145794F8AC75}
		{C07C81C9-A665-467E-9E2C-4E7D6EA04290} = {58B71253-8EFD-45F8-8673-145794F8AC75}
		{30558975-220E-4567-8807-18CD2D29650F} = {58B71253-8EFD-45F8-8673-145794F8AC75}
		{14E0E3E7-4C5E-42A9-AB49-EAA4CEEF7C88} = {D4AD5F45-63E4-40A4-A4C6-1FBEA4FEE84F}
		{827A3777-DEC2-4F63-AF41-53FB89665874} = {14E0E3E7-4C5E-42A9-AB49-EAA4CEEF7C88}
		{1A8CD791-5A20-4251-A0A8-C41871B6C26B} = {58B71253-8EFD-45F8-8673-145794F8AC75}
		{2A211555-A5B8-41FC-850D-AB09BEADCCDA} = {58B71253-8EFD-45F8-8673-145794F8AC75}
		{51F49C77-5730-4603-897D-1192ECD7702D} = {58B71253-8EFD-45F8-8673-145794F8AC75}
		{51E1354D-492A-4B8E-8AB8-0CDC8DEAB7C8} = {61493679-BA3A-4687-85CB-7DE2668B16DD}
		{43DEB1DB-C89E-4044-9329-FCC1B029DF4D} = {D4AD5F45-63E4-40A4-A4C6-1FBEA4FEE84F}
	EndGlobalSection
	GlobalSection(ExtensibilityGlobals) = postSolution
		SolutionGuid = {6494DC4C-62EB-49F5-B63E-F3EA2BA3E057}
	EndGlobalSection
EndGlobal
